
Microsoft Visual Studio Solution File, Format Version 12.00
# Visual Studio Version 16
VisualStudioVersion = 16.0.31410.357
MinimumVisualStudioVersion = 10.0.40219.1
Project("{FAE04EC0-301F-11D3-BF4B-00C04F79EFBC}") = "Hello, World!", "..\Hello, World!\Hello, World!.csproj", "{A42AA96B-2708-4FD1-AD24-0F267380D1F5}"
EndProject
Project("{FAE04EC0-301F-11D3-BF4B-00C04F79EFBC}") = "SumOfTwoNumbers", "..\SumOfTwoNumbers\SumOfTwoNumbers.csproj", "{A981E942-3958-4931-BBB3-F50CEA522666}"
EndProject
Project("{FAE04EC0-301F-11D3-BF4B-00C04F79EFBC}") = "DevidingTwoNumbers", "..\DevidingTwoNumbers\DevidingTwoNumbers.csproj", "{3D8755F5-4FDF-4EDF-B817-264AFE8725B2}"
EndProject
Global
	GlobalSection(SolutionConfigurationPlatforms) = preSolution
		Debug|Any CPU = Debug|Any CPU
		Release|Any CPU = Release|Any CPU
	EndGlobalSection
	GlobalSection(ProjectConfigurationPlatforms) = postSolution
		{A42AA96B-2708-4FD1-AD24-0F267380D1F5}.Debug|Any CPU.ActiveCfg = Debug|Any CPU
		{A42AA96B-2708-4FD1-AD24-0F267380D1F5}.Debug|Any CPU.Build.0 = Debug|Any CPU
		{A42AA96B-2708-4FD1-AD24-0F267380D1F5}.Release|Any CPU.ActiveCfg = Release|Any CPU
		{A42AA96B-2708-4FD1-AD24-0F267380D1F5}.Release|Any CPU.Build.0 = Release|Any CPU
		{A981E942-3958-4931-BBB3-F50CEA522666}.Debug|Any CPU.ActiveCfg = Debug|Any CPU
		{A981E942-3958-4931-BBB3-F50CEA522666}.Debug|Any CPU.Build.0 = Debug|Any CPU
		{A981E942-3958-4931-BBB3-F50CEA522666}.Release|Any CPU.ActiveCfg = Release|Any CPU
		{A981E942-3958-4931-BBB3-F50CEA522666}.Release|Any CPU.Build.0 = Release|Any CPU
		{3D8755F5-4FDF-4EDF-B817-264AFE8725B2}.Debug|Any CPU.ActiveCfg = Debug|Any CPU
		{3D8755F5-4FDF-4EDF-B817-264AFE8725B2}.Debug|Any CPU.Build.0 = Debug|Any CPU
		{3D8755F5-4FDF-4EDF-B817-264AFE8725B2}.Release|Any CPU.ActiveCfg = Release|Any CPU
		{3D8755F5-4FDF-4EDF-B817-264AFE8725B2}.Release|Any CPU.Build.0 = Release|Any CPU
	EndGlobalSection
	GlobalSection(SolutionProperties) = preSolution
		HideSolutionNode = FALSE
	EndGlobalSection
	GlobalSection(ExtensibilityGlobals) = postSolution
		SolutionGuid = {8A92FB6B-89D2-47C3-9706-58D4173D35FA}
	EndGlobalSection
EndGlobal
